
Microsoft Visual Studio Solution File, Format Version 12.00
# Visual Studio Version 17
VisualStudioVersion = 17.8.34309.116
MinimumVisualStudioVersion = 10.0.40219.1
Project("{FAE04EC0-301F-11D3-BF4B-00C04F79EFBC}") = "WPFiftool", "WPFiftool\WPFiftool.csproj", "{532648DA-DB6C-4FE0-ACDE-940A19053721}"
EndProject
Global
	GlobalSection(SolutionConfigurationPlatforms) = preSolution
		Debug|Any CPU = Debug|Any CPU
		Release|Any CPU = Release|Any CPU
	EndGlobalSection
	GlobalSection(ProjectConfigurationPlatforms) = postSolution
		{532648DA-DB6C-4FE0-ACDE-940A19053721}.Debug|Any CPU.ActiveCfg = Debug|Any CPU
		{532648DA-DB6C-4FE0-ACDE-940A19053721}.Debug|Any CPU.Build.0 = Debug|Any CPU
		{532648DA-DB6C-4FE0-ACDE-940A19053721}.Release|Any CPU.ActiveCfg = Release|Any CPU
		{532648DA-DB6C-4FE0-ACDE-940A19053721}.Release|Any CPU.Build.0 = Release|Any CPU
	EndGlobalSection
	GlobalSection(SolutionProperties) = preSolution
		HideSolutionNode = FALSE
	EndGlobalSection
	GlobalSection(ExtensibilityGlobals) = postSolution
		SolutionGuid = {E5B36EF0-E43D-4D96-9D6C-66E7C3C1EF7B}
	EndGlobalSection
EndGlobal
